
Microsoft Visual Studio Solution File, Format Version 12.00
# Visual Studio Version 17
VisualStudioVersion = 17.2.32414.248
MinimumVisualStudioVersion = 10.0.40219.1
Project("{9A19103F-16F7-4668-BE54-9A1E7A4F7556}") = "EfCeeEmSharp.Host", "src\EfCeeEmSharp.Host\EfCeeEmSharp.Host.csproj", "{318E577D-E510-4490-9BF3-F36483B465B3}"
EndProject
Project("{9A19103F-16F7-4668-BE54-9A1E7A4F7556}") = "EfCeeEmSharp.Board.Contracts", "src\EfCeeEmSharp.Board.Contracts\EfCeeEmSharp.Board.Contracts.csproj", "{F1B90AA3-BF47-4687-B73C-BD085F97B16E}"
EndProject
Project("{9A19103F-16F7-4668-BE54-9A1E7A4F7556}") = "EfCeeEmSharp.Board.Models", "src\EfCeeEmSharp.Board.Models\EfCeeEmSharp.Board.Models.csproj", "{FD76FEA5-78FC-4CBE-99E2-EC5E0BDFB3CD}"
EndProject
Project("{9A19103F-16F7-4668-BE54-9A1E7A4F7556}") = "EfCeeEmSharp.Board.Data", "src\EfCeeEmSharp.Board.Data\EfCeeEmSharp.Board.Data.csproj", "{1F6C62CE-C117-421E-A677-6305BD6AE54B}"
EndProject
Project("{2150E333-8FDC-42A3-9474-1A3956D46DE8}") = "Board", "Board", "{8D34EB48-B59A-42F4-8814-D88B7749B8BE}"
EndProject
Project("{9A19103F-16F7-4668-BE54-9A1E7A4F7556}") = "EfCeeEmSharp.Board.Consumers", "src\EfCeeEmSharp.Board.Consumers\EfCeeEmSharp.Board.Consumers.csproj", "{700BA23B-4F23-4D40-ADCF-B92DC8D1FDE4}"
EndProject
Project("{2150E333-8FDC-42A3-9474-1A3956D46DE8}") = "Client", "Client", "{944902CE-D7BC-4579-B3AE-D32BC4DC6D43}"
EndProject
Project("{9A19103F-16F7-4668-BE54-9A1E7A4F7556}") = "EfCeeEmSharp.Client", "src\EfCeeEmSharp.Client\EfCeeEmSharp.Client.csproj", "{C11BE094-EA4D-455D-A0BD-422ADC6E6461}"
EndProject
Project("{9A19103F-16F7-4668-BE54-9A1E7A4F7556}") = "EfCeeEmSharp.Client.Test", "src\EfCeeEmSharp.Client.Test\EfCeeEmSharp.Client.Test.csproj", "{D3F397EA-2E69-4E1A-92AF-B39DFB567AD5}"
EndProject
Project("{9A19103F-16F7-4668-BE54-9A1E7A4F7556}") = "EfCeeEmSharp.Config", "src\EfCeeEmSharp.Config\EfCeeEmSharp.Config.csproj", "{CDEC2E51-5D57-4740-B8AA-70C919443BCE}"
EndProject
Project("{2150E333-8FDC-42A3-9474-1A3956D46DE8}") = "Thread", "Thread", "{8BDE793A-7056-48BB-BBC3-071DB218EF9F}"
EndProject
Project("{9A19103F-16F7-4668-BE54-9A1E7A4F7556}") = "EfCeeEmSharp.Thread.Contracts", "src\EfCeeEmSharp.Thread.Contracts\EfCeeEmSharp.Thread.Contracts.csproj", "{26E1D6B9-0510-458F-B269-8759AE34BCB7}"
EndProject
Project("{9A19103F-16F7-4668-BE54-9A1E7A4F7556}") = "EfCeeEmSharp.Thread.Consumers", "src\EfCeeEmSharp.Thread.Consumers\EfCeeEmSharp.Thread.Consumers.csproj", "{80B741D3-67B9-45A1-96E7-67D977DBC9FA}"
EndProject
Project("{9A19103F-16F7-4668-BE54-9A1E7A4F7556}") = "EfCeeEmSharp.Thread.Data", "src\EfCeeEmSharp.Thread.Data\EfCeeEmSharp.Thread.Data.csproj", "{61144DFF-24E5-4CC3-9B2D-596D46A0E371}"
EndProject
Project("{9A19103F-16F7-4668-BE54-9A1E7A4F7556}") = "EfCeeEmSharp.Thread.Models", "src\EfCeeEmSharp.Thread.Models\EfCeeEmSharp.Thread.Models.csproj", "{EB608F3C-C536-48D5-8090-34A33C12BDD7}"
EndProject
Project("{9A19103F-16F7-4668-BE54-9A1E7A4F7556}") = "EfCeeEmSharp.Board.Tests", "src\EfCeeEmSharp.Board.Tests\EfCeeEmSharp.Board.Tests.csproj", "{357ADA9D-BC46-4B6D-A1ED-D152BB19DC37}"
EndProject
Project("{FAE04EC0-301F-11D3-BF4B-00C04F79EFBC}") = "EfCeeEmSharp.Thread.Domain", "src\EfCeeEmSharp.Thread.Domain\EfCeeEmSharp.Thread.Domain.csproj", "{4AEAC2AA-50E8-4E44-8C0B-28EF37990FFE}"
EndProject
Project("{FAE04EC0-301F-11D3-BF4B-00C04F79EFBC}") = "EfCeeEmSharp.Board.Domain", "src\EfCeeEmSharp.Board.Domain\EfCeeEmSharp.Board.Domain.csproj", "{C94357B7-8034-4343-A325-0C006C501746}"
EndProject
Project("{FAE04EC0-301F-11D3-BF4B-00C04F79EFBC}") = "EfCeeEmSharp.Thread.Host", "src\EfCeeEmSharp.Thread.Host\EfCeeEmSharp.Thread.Host.csproj", "{8334382F-2196-457A-90C5-E29308746DAA}"
EndProject
Global
	GlobalSection(SolutionConfigurationPlatforms) = preSolution
		Debug|Any CPU = Debug|Any CPU
		Release|Any CPU = Release|Any CPU
	EndGlobalSection
	GlobalSection(ProjectConfigurationPlatforms) = postSolution
		{318E577D-E510-4490-9BF3-F36483B465B3}.Debug|Any CPU.ActiveCfg = Debug|Any CPU
		{318E577D-E510-4490-9BF3-F36483B465B3}.Debug|Any CPU.Build.0 = Debug|Any CPU
		{318E577D-E510-4490-9BF3-F36483B465B3}.Release|Any CPU.ActiveCfg = Release|Any CPU
		{318E577D-E510-4490-9BF3-F36483B465B3}.Release|Any CPU.Build.0 = Release|Any CPU
		{F1B90AA3-BF47-4687-B73C-BD085F97B16E}.Debug|Any CPU.ActiveCfg = Debug|Any CPU
		{F1B90AA3-BF47-4687-B73C-BD085F97B16E}.Debug|Any CPU.Build.0 = Debug|Any CPU
		{F1B90AA3-BF47-4687-B73C-BD085F97B16E}.Release|Any CPU.ActiveCfg = Release|Any CPU
		{F1B90AA3-BF47-4687-B73C-BD085F97B16E}.Release|Any CPU.Build.0 = Release|Any CPU
		{FD76FEA5-78FC-4CBE-99E2-EC5E0BDFB3CD}.Debug|Any CPU.ActiveCfg = Debug|Any CPU
		{FD76FEA5-78FC-4CBE-99E2-EC5E0BDFB3CD}.Debug|Any CPU.Build.0 = Debug|Any CPU
		{FD76FEA5-78FC-4CBE-99E2-EC5E0BDFB3CD}.Release|Any CPU.ActiveCfg = Release|Any CPU
		{FD76FEA5-78FC-4CBE-99E2-EC5E0BDFB3CD}.Release|Any CPU.Build.0 = Release|Any CPU
		{1F6C62CE-C117-421E-A677-6305BD6AE54B}.Debug|Any CPU.ActiveCfg = Debug|Any CPU
		{1F6C62CE-C117-421E-A677-6305BD6AE54B}.Debug|Any CPU.Build.0 = Debug|Any CPU
		{1F6C62CE-C117-421E-A677-6305BD6AE54B}.Release|Any CPU.ActiveCfg = Release|Any CPU
		{1F6C62CE-C117-421E-A677-6305BD6AE54B}.Release|Any CPU.Build.0 = Release|Any CPU
		{700BA23B-4F23-4D40-ADCF-B92DC8D1FDE4}.Debug|Any CPU.ActiveCfg = Debug|Any CPU
		{700BA23B-4F23-4D40-ADCF-B92DC8D1FDE4}.Debug|Any CPU.Build.0 = Debug|Any CPU
		{700BA23B-4F23-4D40-ADCF-B92DC8D1FDE4}.Release|Any CPU.ActiveCfg = Release|Any CPU
		{700BA23B-4F23-4D40-ADCF-B92DC8D1FDE4}.Release|Any CPU.Build.0 = Release|Any CPU
		{C11BE094-EA4D-455D-A0BD-422ADC6E6461}.Debug|Any CPU.ActiveCfg = Debug|Any CPU
		{C11BE094-EA4D-455D-A0BD-422ADC6E6461}.Debug|Any CPU.Build.0 = Debug|Any CPU
		{C11BE094-EA4D-455D-A0BD-422ADC6E6461}.Release|Any CPU.ActiveCfg = Release|Any CPU
		{C11BE094-EA4D-455D-A0BD-422ADC6E6461}.Release|Any CPU.Build.0 = Release|Any CPU
		{D3F397EA-2E69-4E1A-92AF-B39DFB567AD5}.Debug|Any CPU.ActiveCfg = Debug|Any CPU
		{D3F397EA-2E69-4E1A-92AF-B39DFB567AD5}.Debug|Any CPU.Build.0 = Debug|Any CPU
		{D3F397EA-2E69-4E1A-92AF-B39DFB567AD5}.Release|Any CPU.ActiveCfg = Release|Any CPU
		{D3F397EA-2E69-4E1A-92AF-B39DFB567AD5}.Release|Any CPU.Build.0 = Release|Any CPU
		{CDEC2E51-5D57-4740-B8AA-70C919443BCE}.Debug|Any CPU.ActiveCfg = Debug|Any CPU
		{CDEC2E51-5D57-4740-B8AA-70C919443BCE}.Debug|Any CPU.Build.0 = Debug|Any CPU
		{CDEC2E51-5D57-4740-B8AA-70C919443BCE}.Release|Any CPU.ActiveCfg = Release|Any CPU
		{CDEC2E51-5D57-4740-B8AA-70C919443BCE}.Release|Any CPU.Build.0 = Release|Any CPU
		{26E1D6B9-0510-458F-B269-8759AE34BCB7}.Debug|Any CPU.ActiveCfg = Debug|Any CPU
		{26E1D6B9-0510-458F-B269-8759AE34BCB7}.Debug|Any CPU.Build.0 = Debug|Any CPU
		{26E1D6B9-0510-458F-B269-8759AE34BCB7}.Release|Any CPU.ActiveCfg = Release|Any CPU
		{26E1D6B9-0510-458F-B269-8759AE34BCB7}.Release|Any CPU.Build.0 = Release|Any CPU
		{80B741D3-67B9-45A1-96E7-67D977DBC9FA}.Debug|Any CPU.ActiveCfg = Debug|Any CPU
		{80B741D3-67B9-45A1-96E7-67D977DBC9FA}.Debug|Any CPU.Build.0 = Debug|Any CPU
		{80B741D3-67B9-45A1-96E7-67D977DBC9FA}.Release|Any CPU.ActiveCfg = Release|Any CPU
		{80B741D3-67B9-45A1-96E7-67D977DBC9FA}.Release|Any CPU.Build.0 = Release|Any CPU
		{61144DFF-24E5-4CC3-9B2D-596D46A0E371}.Debug|Any CPU.ActiveCfg = Debug|Any CPU
		{61144DFF-24E5-4CC3-9B2D-596D46A0E371}.Debug|Any CPU.Build.0 = Debug|Any CPU
		{61144DFF-24E5-4CC3-9B2D-596D46A0E371}.Release|Any CPU.ActiveCfg = Release|Any CPU
		{61144DFF-24E5-4CC3-9B2D-596D46A0E371}.Release|Any CPU.Build.0 = Release|Any CPU
		{EB608F3C-C536-48D5-8090-34A33C12BDD7}.Debug|Any CPU.ActiveCfg = Debug|Any CPU
		{EB608F3C-C536-48D5-8090-34A33C12BDD7}.Debug|Any CPU.Build.0 = Debug|Any CPU
		{EB608F3C-C536-48D5-8090-34A33C12BDD7}.Release|Any CPU.ActiveCfg = Release|Any CPU
		{EB608F3C-C536-48D5-8090-34A33C12BDD7}.Release|Any CPU.Build.0 = Release|Any CPU
		{357ADA9D-BC46-4B6D-A1ED-D152BB19DC37}.Debug|Any CPU.ActiveCfg = Debug|Any CPU
		{357ADA9D-BC46-4B6D-A1ED-D152BB19DC37}.Debug|Any CPU.Build.0 = Debug|Any CPU
		{357ADA9D-BC46-4B6D-A1ED-D152BB19DC37}.Release|Any CPU.ActiveCfg = Release|Any CPU
		{357ADA9D-BC46-4B6D-A1ED-D152BB19DC37}.Release|Any CPU.Build.0 = Release|Any CPU
		{4AEAC2AA-50E8-4E44-8C0B-28EF37990FFE}.Debug|Any CPU.ActiveCfg = Debug|Any CPU
		{4AEAC2AA-50E8-4E44-8C0B-28EF37990FFE}.Debug|Any CPU.Build.0 = Debug|Any CPU
		{4AEAC2AA-50E8-4E44-8C0B-28EF37990FFE}.Release|Any CPU.ActiveCfg = Release|Any CPU
		{4AEAC2AA-50E8-4E44-8C0B-28EF37990FFE}.Release|Any CPU.Build.0 = Release|Any CPU
		{C94357B7-8034-4343-A325-0C006C501746}.Debug|Any CPU.ActiveCfg = Debug|Any CPU
		{C94357B7-8034-4343-A325-0C006C501746}.Debug|Any CPU.Build.0 = Debug|Any CPU
		{C94357B7-8034-4343-A325-0C006C501746}.Release|Any CPU.ActiveCfg = Release|Any CPU
		{C94357B7-8034-4343-A325-0C006C501746}.Release|Any CPU.Build.0 = Release|Any CPU
		{8334382F-2196-457A-90C5-E29308746DAA}.Debug|Any CPU.ActiveCfg = Debug|Any CPU
		{8334382F-2196-457A-90C5-E29308746DAA}.Debug|Any CPU.Build.0 = Debug|Any CPU
		{8334382F-2196-457A-90C5-E29308746DAA}.Release|Any CPU.ActiveCfg = Release|Any CPU
		{8334382F-2196-457A-90C5-E29308746DAA}.Release|Any CPU.Build.0 = Release|Any CPU
	EndGlobalSection
	GlobalSection(SolutionProperties) = preSolution
		HideSolutionNode = FALSE
	EndGlobalSection
	GlobalSection(NestedProjects) = preSolution
		{F1B90AA3-BF47-4687-B73C-BD085F97B16E} = {8D34EB48-B59A-42F4-8814-D88B7749B8BE}
		{FD76FEA5-78FC-4CBE-99E2-EC5E0BDFB3CD} = {8D34EB48-B59A-42F4-8814-D88B7749B8BE}
		{1F6C62CE-C117-421E-A677-6305BD6AE54B} = {8D34EB48-B59A-42F4-8814-D88B7749B8BE}
		{700BA23B-4F23-4D40-ADCF-B92DC8D1FDE4} = {8D34EB48-B59A-42F4-8814-D88B7749B8BE}
		{C11BE094-EA4D-455D-A0BD-422ADC6E6461} = {944902CE-D7BC-4579-B3AE-D32BC4DC6D43}
		{D3F397EA-2E69-4E1A-92AF-B39DFB567AD5} = {944902CE-D7BC-4579-B3AE-D32BC4DC6D43}
		{26E1D6B9-0510-458F-B269-8759AE34BCB7} = {8BDE793A-7056-48BB-BBC3-071DB218EF9F}
		{80B741D3-67B9-45A1-96E7-67D977DBC9FA} = {8BDE793A-7056-48BB-BBC3-071DB218EF9F}
		{61144DFF-24E5-4CC3-9B2D-596D46A0E371} = {8BDE793A-7056-48BB-BBC3-071DB218EF9F}
		{EB608F3C-C536-48D5-8090-34A33C12BDD7} = {8BDE793A-7056-48BB-BBC3-071DB218EF9F}
		{357ADA9D-BC46-4B6D-A1ED-D152BB19DC37} = {8D34EB48-B59A-42F4-8814-D88B7749B8BE}
		{4AEAC2AA-50E8-4E44-8C0B-28EF37990FFE} = {8BDE793A-7056-48BB-BBC3-071DB218EF9F}
		{C94357B7-8034-4343-A325-0C006C501746} = {8D34EB48-B59A-42F4-8814-D88B7749B8BE}
		{8334382F-2196-457A-90C5-E29308746DAA} = {8BDE793A-7056-48BB-BBC3-071DB218EF9F}
	EndGlobalSection
	GlobalSection(ExtensibilityGlobals) = postSolution
		SolutionGuid = {4AF22BBC-7751-46D9-8B77-ACA0EB77EFBD}
	EndGlobalSection
EndGlobal
